
Microsoft Visual Studio Solution File, Format Version 12.00
# Visual Studio Version 16
VisualStudioVersion = 16.0.31424.327
MinimumVisualStudioVersion = 10.0.40219.1
Project("{9A19103F-16F7-4668-BE54-9A1E7A4F7556}") = "plugable.web.app", "plugable.web.app\plugable.web.app.csproj", "{174C9F0C-2755-454D-9DAC-61F90F19C0AB}"
EndProject
Project("{9A19103F-16F7-4668-BE54-9A1E7A4F7556}") = "plugable.web.plugin.core", "plugable.web.plugin.core\plugable.web.plugin.core.csproj", "{3C6B5678-4896-4D36-9290-ABE5F7633B18}"
EndProject
Global
	GlobalSection(SolutionConfigurationPlatforms) = preSolution
		Debug|Any CPU = Debug|Any CPU
		Release|Any CPU = Release|Any CPU
	EndGlobalSection
	GlobalSection(ProjectConfigurationPlatforms) = postSolution
		{174C9F0C-2755-454D-9DAC-61F90F19C0AB}.Debug|Any CPU.ActiveCfg = Debug|Any CPU
		{174C9F0C-2755-454D-9DAC-61F90F19C0AB}.Debug|Any CPU.Build.0 = Debug|Any CPU
		{174C9F0C-2755-454D-9DAC-61F90F19C0AB}.Release|Any CPU.ActiveCfg = Release|Any CPU
		{174C9F0C-2755-454D-9DAC-61F90F19C0AB}.Release|Any CPU.Build.0 = Release|Any CPU
		{3C6B5678-4896-4D36-9290-ABE5F7633B18}.Debug|Any CPU.ActiveCfg = Debug|Any CPU
		{3C6B5678-4896-4D36-9290-ABE5F7633B18}.Debug|Any CPU.Build.0 = Debug|Any CPU
		{3C6B5678-4896-4D36-9290-ABE5F7633B18}.Release|Any CPU.ActiveCfg = Release|Any CPU
		{3C6B5678-4896-4D36-9290-ABE5F7633B18}.Release|Any CPU.Build.0 = Release|Any CPU
	EndGlobalSection
	GlobalSection(SolutionProperties) = preSolution
		HideSolutionNode = FALSE
	EndGlobalSection
	GlobalSection(ExtensibilityGlobals) = postSolution
		SolutionGuid = {E6CB8FCB-4291-4F86-99C2-C0A0246060F3}
	EndGlobalSection
EndGlobal
